
Microsoft Visual Studio Solution File, Format Version 12.00
# Visual Studio Version 17
VisualStudioVersion = 17.4.33213.308
MinimumVisualStudioVersion = 10.0.40219.1
Project("{FAE04EC0-301F-11D3-BF4B-00C04F79EFBC}") = "SchoolCardReader", "SchoolCardReader\SchoolCardReader.csproj", "{57AB5C68-55FD-4453-8E97-F11603B53FDD}"
EndProject
Global
	GlobalSection(SolutionConfigurationPlatforms) = preSolution
		Debug|Any CPU = Debug|Any CPU
		Release|Any CPU = Release|Any CPU
	EndGlobalSection
	GlobalSection(ProjectConfigurationPlatforms) = postSolution
		{57AB5C68-55FD-4453-8E97-F11603B53FDD}.Debug|Any CPU.ActiveCfg = Debug|Any CPU
		{57AB5C68-55FD-4453-8E97-F11603B53FDD}.Debug|Any CPU.Build.0 = Debug|Any CPU
		{57AB5C68-55FD-4453-8E97-F11603B53FDD}.Release|Any CPU.ActiveCfg = Release|Any CPU
		{57AB5C68-55FD-4453-8E97-F11603B53FDD}.Release|Any CPU.Build.0 = Release|Any CPU
	EndGlobalSection
	GlobalSection(SolutionProperties) = preSolution
		HideSolutionNode = FALSE
	EndGlobalSection
	GlobalSection(ExtensibilityGlobals) = postSolution
		SolutionGuid = {392DE41D-3376-47FE-9C5B-AA8BB66451F1}
	EndGlobalSection
EndGlobal
